// !$*UTF8*$!
{
	archiveVersion = 1;
	classes = {
	};
	objectVersion = 50;
	objects = {

/* Begin PBXBuildFile section */
		1E193D5B6AC969F43BB5E8AA /* Pods_FetchToGoogleMap.framework in Frameworks */ = {isa = PBXBuildFile; fileRef = 3B5B0392980B52E1D389E9A3 /* Pods_FetchToGoogleMap.framework */; };
		786FDD0721AD06C300491E41 /* AppDelegate.swift in Sources */ = {isa = PBXBuildFile; fileRef = 786FDD0621AD06C300491E41 /* AppDelegate.swift */; };
		786FDD0921AD06C300491E41 /* ViewController.swift in Sources */ = {isa = PBXBuildFile; fileRef = 786FDD0821AD06C300491E41 /* ViewController.swift */; };
		786FDD0C21AD06C300491E41 /* Main.storyboard in Resources */ = {isa = PBXBuildFile; fileRef = 786FDD0A21AD06C300491E41 /* Main.storyboard */; };
		786FDD0E21AD06C400491E41 /* Assets.xcassets in Resources */ = {isa = PBXBuildFile; fileRef = 786FDD0D21AD06C400491E41 /* Assets.xcassets */; };
		786FDD1121AD06C400491E41 /* LaunchScreen.storyboard in Resources */ = {isa = PBXBuildFile; fileRef = 786FDD0F21AD06C400491E41 /* LaunchScreen.storyboard */; };
/* End PBXBuildFile section */

/* Begin PBXFileReference section */
		3B5B0392980B52E1D389E9A3 /* Pods_FetchToGoogleMap.framework */ = {isa = PBXFileReference; explicitFileType = wrapper.framework; includeInIndex = 0; path = Pods_FetchToGoogleMap.framework; sourceTree = BUILT_PRODUCTS_DIR; };
		6DB1484E6DC8CE9E51E944A8 /* Pods-FetchToGoogleMap.debug.xcconfig */ = {isa = PBXFileReference; includeInIndex = 1; lastKnownFileType = text.xcconfig; name = "Pods-FetchToGoogleMap.debug.xcconfig"; path = "Pods/Target Support Files/Pods-FetchToGoogleMap/Pods-FetchToGoogleMap.debug.xcconfig"; sourceTree = "<group>"; };
		786FDD0321AD06C300491E41 /* FetchToGoogleMap.app */ = {isa = PBXFileReference; explicitFileType = wrapper.application; includeInIndex = 0; path = FetchToGoogleMap.app; sourceTree = BUILT_PRODUCTS_DIR; };
		786FDD0621AD06C300491E41 /* AppDelegate.swift */ = {isa = PBXFileReference; lastKnownFileType = sourcecode.swift; path = AppDelegate.swift; sourceTree = "<group>"; };
		786FDD0821AD06C300491E41 /* ViewController.swift */ = {isa = PBXFileReference; lastKnownFileType = sourcecode.swift; path = ViewController.swift; sourceTree = "<group>"; };
		786FDD0B21AD06C300491E41 /* Base */ = {isa = PBXFileReference; lastKnownFileType = file.storyboard; name = Base; path = Base.lproj/Main.storyboard; sourceTree = "<group>"; };
		786FDD0D21AD06C400491E41 /* Assets.xcassets */ = {isa = PBXFileReference; lastKnownFileType = folder.assetcatalog; path = Assets.xcassets; sourceTree = "<group>"; };
		786FDD1021AD06C400491E41 /* Base */ = {isa = PBXFileReference; lastKnownFileType = file.storyboard; name = Base; path = Base.lproj/LaunchScreen.storyboard; sourceTree = "<group>"; };
		786FDD1221AD06C400491E41 /* Info.plist */ = {isa = PBXFileReference; lastKnownFileType = text.plist.xml; path = Info.plist; sourceTree = "<group>"; };
		D2BAC3DB68A78A4EBD782BC7 /* Pods-FetchToGoogleMap.release.xcconfig */ = {isa = PBXFileReference; includeInIndex = 1; lastKnownFileType = text.xcconfig; name = "Pods-FetchToGoogleMap.release.xcconfig"; path = "Pods/Target Support Files/Pods-FetchToGoogleMap/Pods-FetchToGoogleMap.release.xcconfig"; sourceTree = "<group>"; };
/* End PBXFileReference section */

/* Begin PBXFrameworksBuildPhase section */
		786FDD0021AD06C300491E41 /* Frameworks */ = {
			isa = PBXFrameworksBuildPhase;
			buildActionMask = 2147483647;
			files = (
				1E193D5B6AC969F43BB5E8AA /* Pods_FetchToGoogleMap.framework in Frameworks */,
			);
			runOnlyForDeploymentPostprocessing = 0;
		};
/* End PBXFrameworksBuildPhase section */

/* Begin PBXGroup section */
		27AF5FC0236E96FDE6D88EED /* Pods */ = {
			isa = PBXGroup;
			children = (
				6DB1484E6DC8CE9E51E944A8 /* Pods-FetchToGoogleMap.debug.xcconfig */,
				D2BAC3DB68A78A4EBD782BC7 /* Pods-FetchToGoogleMap.release.xcconfig */,
			);
			name = Pods;
			sourceTree = "<group>";
		};
		4B08EDA658E4C7A394F7D492 /* Frameworks */ = {
			isa = PBXGroup;
			children = (
				3B5B0392980B52E1D389E9A3 /* Pods_FetchToGoogleMap.framework */,
			);
			name = Frameworks;
			sourceTree = "<group>";
		};
		786FDCFA21AD06C300491E41 = {
			isa = PBXGroup;
			children = (
				786FDD0521AD06C300491E41 /* FetchToGoogleMap */,
				786FDD0421AD06C300491E41 /* Products */,
				27AF5FC0236E96FDE6D88EED /* Pods */,
				4B08EDA658E4C7A394F7D492 /* Frameworks */,
			);
			sourceTree = "<group>";
		};
		786FDD0421AD06C300491E41 /* Products */ = {
			isa = PBXGroup;
			children = (
				786FDD0321AD06C300491E41 /* FetchToGoogleMap.app */,
			);
			name = Products;
			sourceTree = "<group>";
		};
		786FDD0521AD06C300491E41 /* FetchToGoogleMap */ = {
			isa = PBXGroup;
			children = (
				786FDD0621AD06C300491E41 /* AppDelegate.swift */,
				786FDD0821AD06C300491E41 /* ViewController.swift */,
				786FDD0A21AD06C300491E41 /* Main.storyboard */,
				786FDD0D21AD06C400491E41 /* Assets.xcassets */,
				786FDD0F21AD06C400491E41 /* LaunchScreen.storyboard */,
				786FDD1221AD06C400491E41 /* Info.plist */,
			);
			path = FetchToGoogleMap;
			sourceTree = "<group>";
		};
/* End PBXGroup section */

/* Begin PBXNativeTarget section */
		786FDD0221AD06C300491E41 /* FetchToGoogleMap */ = {
			isa = PBXNativeTarget;
			buildConfigurationList = 786FDD1521AD06C400491E41 /* Build configuration list for PBXNativeTarget "FetchToGoogleMap" */;
			buildPhases = (
				681A0EE78D806B8E0238F96E /* [CP] Check Pods Manifest.lock */,
				786FDCFF21AD06C300491E41 /* Sources */,
				786FDD0021AD06C300491E41 /* Frameworks */,
				786FDD0121AD06C300491E41 /* Resources */,
				B8795EF7CB2CFB3B14D8A39F /* [CP] Copy Pods Resources */,
			);
			buildRules = (
			);
			dependencies = (
			);
			name = FetchToGoogleMap;
			productName = FetchToGoogleMap;
			productReference = 786FDD0321AD06C300491E41 /* FetchToGoogleMap.app */;
			productType = "com.apple.product-type.application";
		};
/* End PBXNativeTarget section */

/* Begin PBXProject section */
		786FDCFB21AD06C300491E41 /* Project object */ = {
			isa = PBXProject;
			attributes = {
				LastSwiftUpdateCheck = 1010;
				LastUpgradeCheck = 1010;
				ORGANIZATIONNAME = Lphant;
				TargetAttributes = {
					786FDD0221AD06C300491E41 = {
						CreatedOnToolsVersion = 10.1;
					};
				};
			};
			buildConfigurationList = 786FDCFE21AD06C300491E41 /* Build configuration list for PBXProject "FetchToGoogleMap" */;
			compatibilityVersion = "Xcode 9.3";
			developmentRegion = en;
			hasScannedForEncodings = 0;
			knownRegions = (
				en,
				Base,
			);
			mainGroup = 786FDCFA21AD06C300491E41;
			productRefGroup = 786FDD0421AD06C300491E41 /* Products */;
			projectDirPath = "";
			projectRoot = "";
			targets = (
				786FDD0221AD06C300491E41 /* FetchToGoogleMap */,
			);
		};
/* End PBXProject section */

/* Begin PBXResourcesBuildPhase section */
		786FDD0121AD06C300491E41 /* Resources */ = {
			isa = PBXResourcesBuildPhase;
			buildActionMask = 2147483647;
			files = (
				786FDD1121AD06C400491E41 /* LaunchScreen.storyboard in Resources */,
				786FDD0E21AD06C400491E41 /* Assets.xcassets in Resources */,
				786FDD0C21AD06C300491E41 /* Main.storyboard in Resources */,
			);
			runOnlyForDeploymentPostprocessing = 0;
		};
/* End PBXResourcesBuildPhase section */

/* Begin PBXShellScriptBuildPhase section */
		681A0EE78D806B8E0238F96E /* [CP] Check Pods Manifest.lock */ = {
			isa = PBXShellScriptBuildPhase;
			buildActionMask = 2147483647;
			files = (
			);
			inputPaths = (
				"${PODS_PODFILE_DIR_PATH}/Podfile.lock",
				"${PODS_ROOT}/Manifest.lock",
			);
			name = "[CP] Check Pods Manifest.lock";
			outputPaths = (
				"$(DERIVED_FILE_DIR)/Pods-FetchToGoogleMap-checkManifestLockResult.txt",
			);
			runOnlyForDeploymentPostprocessing = 0;
			shellPath = /bin/sh;
			shellScript = "diff \"${PODS_PODFILE_DIR_PATH}/Podfile.lock\" \"${PODS_ROOT}/Manifest.lock\" > /dev/null\nif [ $? != 0 ] ; then\n    # print error to STDERR\n    echo \"error: The sandbox is not in sync with the Podfile.lock. Run 'pod install' or update your CocoaPods installation.\" >&2\n    exit 1\nfi\n# This output is used by Xcode 'outputs' to avoid re-running this script phase.\necho \"SUCCESS\" > \"${SCRIPT_OUTPUT_FILE_0}\"\n";
			showEnvVarsInLog = 0;
		};
		B8795EF7CB2CFB3B14D8A39F /* [CP] Copy Pods Resources */ = {
			isa = PBXShellScriptBuildPhase;
			buildActionMask = 2147483647;
			files = (
			);
			inputPaths = (
				"${SRCROOT}/Pods/Target Support Files/Pods-FetchToGoogleMap/Pods-FetchToGoogleMap-resources.sh",
				"${PODS_ROOT}/GoogleMaps/Maps/Frameworks/GoogleMaps.framework/Resources/GoogleMaps.bundle",
			);
			name = "[CP] Copy Pods Resources";
			outputPaths = (
				"${TARGET_BUILD_DIR}/${UNLOCALIZED_RESOURCES_FOLDER_PATH}/GoogleMaps.bundle",
			);
			runOnlyForDeploymentPostprocessing = 0;
			shellPath = /bin/sh;
			shellScript = "\"${SRCROOT}/Pods/Target Support Files/Pods-FetchToGoogleMap/Pods-FetchToGoogleMap-resources.sh\"\n";
			showEnvVarsInLog = 0;
		};
/* End PBXShellScriptBuildPhase section */

/* Begin PBXSourcesBuildPhase section */
		786FDCFF21AD06C300491E41 /* Sources */ = {
			isa = PBXSourcesBuildPhase;
			buildActionMask = 2147483647;
			files = (
				786FDD0921AD06C300491E41 /* ViewController.swift in Sources */,
				786FDD0721AD06C300491E41 /* AppDelegate.swift in Sources */,
			);
			runOnlyForDeploymentPostprocessing = 0;
		};
/* End PBXSourcesBuildPhase section */

/* Begin PBXVariantGroup section */
		786FDD0A21AD06C300491E41 /* Main.storyboard */ = {
			isa = PBXVariantGroup;
			children = (
				786FDD0B21AD06C300491E41 /* Base */,
			);
			name = Main.storyboard;
			sourceTree = "<group>";
		};
		786FDD0F21AD06C400491E41 /* LaunchScreen.storyboard */ = {
			isa = PBXVariantGroup;
			children = (
				786FDD1021AD06C400491E41 /* Base */,
			);
			name = LaunchScreen.storyboard;
			sourceTree = "<group>";
		};
/* End PBXVariantGroup section */

/* Begin XCBuildConfiguration section */
		786FDD1321AD06C400491E41 /* Debug */ = {
			isa = XCBuildConfiguration;
			buildSettings = {
				ALWAYS_SEARCH_USER_PATHS = NO;
				CLANG_ANALYZER_NONNULL = YES;
				CLANG_ANALYZER_NUMBER_OBJECT_CONVERSION = YES_AGGRESSIVE;
				CLANG_CXX_LANGUAGE_STANDARD = "gnu++14";
				CLANG_CXX_LIBRARY = "libc++";
				CLANG_ENABLE_MODULES = YES;
				CLANG_ENABLE_OBJC_ARC = YES;
				CLANG_ENABLE_OBJC_WEAK = YES;
				CLANG_WARN_BLOCK_CAPTURE_AUTORELEASING = YES;
				CLANG_WARN_BOOL_CONVERSION = YES;
				CLANG_WARN_COMMA = YES;
				CLANG_WARN_CONSTANT_CONVERSION = YES;
				CLANG_WARN_DEPRECATED_OBJC_IMPLEMENTATIONS = YES;
				CLANG_WARN_DIRECT_OBJC_ISA_USAGE = YES_ERROR;
				CLANG_WARN_DOCUMENTATION_COMMENTS = YES;
				CLANG_WARN_EMPTY_BODY = YES;
				CLANG_WARN_ENUM_CONVERSION = YES;
				CLANG_WARN_INFINITE_RECURSION = YES;
				CLANG_WARN_INT_CONVERSION = YES;
				CLANG_WARN_NON_LITERAL_NULL_CONVERSION = YES;
				CLANG_WARN_OBJC_IMPLICIT_RETAIN_SELF = YES;
				CLANG_WARN_OBJC_LITERAL_CONVERSION = YES;
				CLANG_WARN_OBJC_ROOT_CLASS = YES_ERROR;
				CLANG_WARN_RANGE_LOOP_ANALYSIS = YES;
				CLANG_WARN_STRICT_PROTOTYPES = YES;
				CLANG_WARN_SUSPICIOUS_MOVE = YES;
				CLANG_WARN_UNGUARDED_AVAILABILITY = YES_AGGRESSIVE;
				CLANG_WARN_UNREACHABLE_CODE = YES;
				CLANG_WARN__DUPLICATE_METHOD_MATCH = YES;
				CODE_SIGN_IDENTITY = "iPhone Developer";
				COPY_PHASE_STRIP = NO;
				DEBUG_INFORMATION_FORMAT = dwarf;
				ENABLE_STRICT_OBJC_MSGSEND = YES;
				ENABLE_TESTABILITY = YES;
				GCC_C_LANGUAGE_STANDARD = gnu11;
				GCC_DYNAMIC_NO_PIC = NO;
				GCC_NO_COMMON_BLOCKS = YES;
				GCC_OPTIMIZATION_LEVEL = 0;
				GCC_PREPROCESSOR_DEFINITIONS = (
					"DEBUG=1",
					"$(inherited)",
				);
				GCC_WARN_64_TO_32_BIT_CONVERSION = YES;
				GCC_WARN_ABOUT_RETURN_TYPE = YES_ERROR;
				GCC_WARN_UNDECLARED_SELECTOR = YES;
				GCC_WARN_UNINITIALIZED_AUTOS = YES_AGGRESSIVE;
				GCC_WARN_UNUSED_FUNCTION = YES;
				GCC_WARN_UNUSED_VARIABLE = YES;
				IPHONEOS_DEPLOYMENT_TARGET = 12.1;
				MTL_ENABLE_DEBUG_INFO = INCLUDE_SOURCE;
				MTL_FAST_MATH = YES;
				ONLY_ACTIVE_ARCH = YES;
				SDKROOT = iphoneos;
				SWIFT_ACTIVE_COMPILATION_CONDITIONS = DEBUG;
				SWIFT_OPTIMIZATION_LEVEL = "-Onone";
			};
			name = Debug;
		};
		786FDD1421AD06C400491E41 /* Release */ = {
			isa = XCBuildConfiguration;
			buildSettings = {
				ALWAYS_SEARCH_USER_PATHS = NO;
				CLANG_ANALYZER_NONNULL = YES;
				CLANG_ANALYZER_NUMBER_OBJECT_CONVERSION = YES_AGGRESSIVE;
				CLANG_CXX_LANGUAGE_STANDARD = "gnu++14";
				CLANG_CXX_LIBRARY = "libc++";
				CLANG_ENABLE_MODULES = YES;
				CLANG_ENABLE_OBJC_ARC = YES;
				CLANG_ENABLE_OBJC_WEAK = YES;
				CLANG_WARN_BLOCK_CAPTURE_AUTORELEASING = YES;
				CLANG_WARN_BOOL_CONVERSION = YES;
				CLANG_WARN_COMMA = YES;
				CLANG_WARN_CONSTANT_CONVERSION = YES;
				CLANG_WARN_DEPRECATED_OBJC_IMPLEMENTATIONS = YES;
				CLANG_WARN_DIRECT_OBJC_ISA_USAGE = YES_ERROR;
				CLANG_WARN_DOCUMENTATION_COMMENTS = YES;
				CLANG_WARN_EMPTY_BODY = YES;
				CLANG_WARN_ENUM_CONVERSION = YES;
				CLANG_WARN_INFINITE_RECURSION = YES;
				CLANG_WARN_INT_CONVERSION = YES;
				CLANG_WARN_NON_LITERAL_NULL_CONVERSION = YES;
				CLANG_WARN_OBJC_IMPLICIT_RETAIN_SELF = YES;
				CLANG_WARN_OBJC_LITERAL_CONVERSION = YES;
				CLANG_WARN_OBJC_ROOT_CLASS = YES_ERROR;
				CLANG_WARN_RANGE_LOOP_ANALYSIS = YES;
				CLANG_WARN_STRICT_PROTOTYPES = YES;
				CLANG_WARN_SUSPICIOUS_MOVE = YES;
				CLANG_WARN_UNGUARDED_AVAILABILITY = YES_AGGRESSIVE;
				CLANG_WARN_UNREACHABLE_CODE = YES;
				CLANG_WARN__DUPLICATE_METHOD_MATCH = YES;
				CODE_SIGN_IDENTITY = "iPhone Developer";
				COPY_PHASE_STRIP = NO;
				DEBUG_INFORMATION_FORMAT = "dwarf-with-dsym";
				ENABLE_NS_ASSERTIONS = NO;
				ENABLE_STRICT_OBJC_MSGSEND = YES;
				GCC_C_LANGUAGE_STANDARD = gnu11;
				GCC_NO_COMMON_BLOCKS = YES;
				GCC_WARN_64_TO_32_BIT_CONVERSION = YES;
				GCC_WARN_ABOUT_RETURN_TYPE = YES_ERROR;
				GCC_WARN_UNDECLARED_SELECTOR = YES;
				GCC_WARN_UNINITIALIZED_AUTOS = YES_AGGRESSIVE;
				GCC_WARN_UNUSED_FUNCTION = YES;
				GCC_WARN_UNUSED_VARIABLE = YES;
				IPHONEOS_DEPLOYMENT_TARGET = 12.1;
				MTL_ENABLE_DEBUG_INFO = NO;
				MTL_FAST_MATH = YES;
				SDKROOT = iphoneos;
				SWIFT_COMPILATION_MODE = wholemodule;
				SWIFT_OPTIMIZATION_LEVEL = "-O";
				VALIDATE_PRODUCT = YES;
			};
			name = Release;
		};
		786FDD1621AD06C400491E41 /* Debug */ = {
			isa = XCBuildConfiguration;
			baseConfigurationReference = 6DB1484E6DC8CE9E51E944A8 /* Pods-FetchToGoogleMap.debug.xcconfig */;
			buildSettings = {
				ASSETCATALOG_COMPILER_APPICON_NAME = AppIcon;
				CODE_SIGN_STYLE = Automatic;
				DEVELOPMENT_TEAM = 83SD72X346;
				INFOPLIST_FILE = FetchToGoogleMap/Info.plist;
				IPHONEOS_DEPLOYMENT_TARGET = 11.0;
				LD_RUNPATH_SEARCH_PATHS = (
					"$(inherited)",
					"@executable_path/Frameworks",
				);
				PRODUCT_BUNDLE_IDENTIFIER = com.lphant.FetchToGoogleMap;
				PRODUCT_NAME = "$(TARGET_NAME)";
				SWIFT_VERSION = 4.2;
				TARGETED_DEVICE_FAMILY = "1,2";
			};
			name = Debug;
		};
		786FDD1721AD06C400491E41 /* Release */ = {
			isa = XCBuildConfiguration;
			baseConfigurationReference = D2BAC3DB68A78A4EBD782BC7 /* Pods-FetchToGoogleMap.release.xcconfig */;
			buildSettings = {
				ASSETCATALOG_COMPILER_APPICON_NAME = AppIcon;
				CODE_SIGN_STYLE = Automatic;
				DEVELOPMENT_TEAM = 83SD72X346;
				INFOPLIST_FILE = FetchToGoogleMap/Info.plist;
				IPHONEOS_DEPLOYMENT_TARGET = 11.0;
				LD_RUNPATH_SEARCH_PATHS = (
					"$(inherited)",
					"@executable_path/Frameworks",
				);
				PRODUCT_BUNDLE_IDENTIFIER = com.lphant.FetchToGoogleMap;
				PRODUCT_NAME = "$(TARGET_NAME)";
				SWIFT_VERSION = 4.2;
				TARGETED_DEVICE_FAMILY = "1,2";
			};
			name = Release;
		};
/* End XCBuildConfiguration section */

/* Begin XCConfigurationList section */
		786FDCFE21AD06C300491E41 /* Build configuration list for PBXProject "FetchToGoogleMap" */ = {
			isa = XCConfigurationList;
			buildConfigurations = (
				786FDD1321AD06C400491E41 /* Debug */,
				786FDD1421AD06C400491E41 /* Release */,
			);
			defaultConfigurationIsVisible = 0;
			defaultConfigurationName = Release;
		};
		786FDD1521AD06C400491E41 /* Build configuration list for PBXNativeTarget "FetchToGoogleMap" */ = {
			isa = XCConfigurationList;
			buildConfigurations = (
				786FDD1621AD06C400491E41 /* Debug */,
				786FDD1721AD06C400491E41 /* Release */,
			);
			defaultConfigurationIsVisible = 0;
			defaultConfigurationName = Release;
		};
/* End XCConfigurationList section */
	};
	rootObject = 786FDCFB21AD06C300491E41 /* Project object */;
}
